
Microsoft Visual Studio Solution File, Format Version 12.00
# Visual Studio Version 17
VisualStudioVersion = 17.1.32210.238
MinimumVisualStudioVersion = 10.0.40219.1
Project("{9A19103F-16F7-4668-BE54-9A1E7A4F7556}") = "ApiPerformanceCompare.REST", "ApiPerformanceCompare.REST\ApiPerformanceCompare.REST.csproj", "{B518740D-46DE-42E0-B94D-F93B19C6ECF4}"
EndProject
Project("{FAE04EC0-301F-11D3-BF4B-00C04F79EFBC}") = "ApiPerformanceCompare.DataModel", "ApiPerformanceCompare.DataModel\ApiPerformanceCompare.DataModel.csproj", "{04A111F2-8DAA-45B9-8AC2-7B92798CFEEA}"
EndProject
Project("{FAE04EC0-301F-11D3-BF4B-00C04F79EFBC}") = "ApiPerformanceCompare.GraphQL", "ApiPerformanceCompare.GraphQL\ApiPerformanceCompare.GraphQL.csproj", "{782AD225-31DB-4A25-A6B6-9A40D8E9C9C6}"
EndProject
Global
	GlobalSection(SolutionConfigurationPlatforms) = preSolution
		Debug|Any CPU = Debug|Any CPU
		Release|Any CPU = Release|Any CPU
	EndGlobalSection
	GlobalSection(ProjectConfigurationPlatforms) = postSolution
		{B518740D-46DE-42E0-B94D-F93B19C6ECF4}.Debug|Any CPU.ActiveCfg = Debug|Any CPU
		{B518740D-46DE-42E0-B94D-F93B19C6ECF4}.Debug|Any CPU.Build.0 = Debug|Any CPU
		{B518740D-46DE-42E0-B94D-F93B19C6ECF4}.Release|Any CPU.ActiveCfg = Release|Any CPU
		{B518740D-46DE-42E0-B94D-F93B19C6ECF4}.Release|Any CPU.Build.0 = Release|Any CPU
		{04A111F2-8DAA-45B9-8AC2-7B92798CFEEA}.Debug|Any CPU.ActiveCfg = Debug|Any CPU
		{04A111F2-8DAA-45B9-8AC2-7B92798CFEEA}.Debug|Any CPU.Build.0 = Debug|Any CPU
		{04A111F2-8DAA-45B9-8AC2-7B92798CFEEA}.Release|Any CPU.ActiveCfg = Release|Any CPU
		{04A111F2-8DAA-45B9-8AC2-7B92798CFEEA}.Release|Any CPU.Build.0 = Release|Any CPU
		{782AD225-31DB-4A25-A6B6-9A40D8E9C9C6}.Debug|Any CPU.ActiveCfg = Debug|Any CPU
		{782AD225-31DB-4A25-A6B6-9A40D8E9C9C6}.Debug|Any CPU.Build.0 = Debug|Any CPU
		{782AD225-31DB-4A25-A6B6-9A40D8E9C9C6}.Release|Any CPU.ActiveCfg = Release|Any CPU
		{782AD225-31DB-4A25-A6B6-9A40D8E9C9C6}.Release|Any CPU.Build.0 = Release|Any CPU
	EndGlobalSection
	GlobalSection(SolutionProperties) = preSolution
		HideSolutionNode = FALSE
	EndGlobalSection
	GlobalSection(ExtensibilityGlobals) = postSolution
		SolutionGuid = {F797F3B6-C479-4106-835B-1885253FB766}
	EndGlobalSection
EndGlobal
